
Microsoft Visual Studio Solution File, Format Version 12.00
# Visual Studio Version 17
VisualStudioVersion = 17.13.35825.156 d17.13
MinimumVisualStudioVersion = 10.0.40219.1
Project("{FAE04EC0-301F-11D3-BF4B-00C04F79EFBC}") = "Day1", "Day1\Day1.csproj", "{4B58D5D6-5EC2-4CB9-82F7-134088B6D56D}"
EndProject
Global
	GlobalSection(SolutionConfigurationPlatforms) = preSolution
		Debug|Any CPU = Debug|Any CPU
		Release|Any CPU = Release|Any CPU
	EndGlobalSection
	GlobalSection(ProjectConfigurationPlatforms) = postSolution
		{4B58D5D6-5EC2-4CB9-82F7-134088B6D56D}.Debug|Any CPU.ActiveCfg = Debug|Any CPU
		{4B58D5D6-5EC2-4CB9-82F7-134088B6D56D}.Debug|Any CPU.Build.0 = Debug|Any CPU
		{4B58D5D6-5EC2-4CB9-82F7-134088B6D56D}.Release|Any CPU.ActiveCfg = Release|Any CPU
		{4B58D5D6-5EC2-4CB9-82F7-134088B6D56D}.Release|Any CPU.Build.0 = Release|Any CPU
	EndGlobalSection
	GlobalSection(SolutionProperties) = preSolution
		HideSolutionNode = FALSE
	EndGlobalSection
	GlobalSection(ExtensibilityGlobals) = postSolution
		SolutionGuid = {AC2B24BC-F1B3-4323-9FFF-2025C56A7358}
	EndGlobalSection
EndGlobal
